// !$*UTF8*$!
{
	archiveVersion = 1;
	classes = {
	};
	objectVersion = 55;
	objects = {

/* Begin PBXBuildFile section */
		88ABDA7D2BDBD02B00B56296 /* AppDelegate.swift in Sources */ = {isa = PBXBuildFile; fileRef = 88ABDA7C2BDBD02B00B56296 /* AppDelegate.swift */; };
		88ABDA7F2BDBD02B00B56296 /* SceneDelegate.swift in Sources */ = {isa = PBXBuildFile; fileRef = 88ABDA7E2BDBD02B00B56296 /* SceneDelegate.swift */; };
		88ABDA812BDBD02B00B56296 /* ViewController.swift in Sources */ = {isa = PBXBuildFile; fileRef = 88ABDA802BDBD02B00B56296 /* ViewController.swift */; };
		88ABDA842BDBD02C00B56296 /* Main.storyboard in Resources */ = {isa = PBXBuildFile; fileRef = 88ABDA822BDBD02B00B56296 /* Main.storyboard */; };
		88ABDA862BDBD03000B56296 /* Assets.xcassets in Resources */ = {isa = PBXBuildFile; fileRef = 88ABDA852BDBD03000B56296 /* Assets.xcassets */; };
		88ABDA892BDBD03000B56296 /* LaunchScreen.storyboard in Resources */ = {isa = PBXBuildFile; fileRef = 88ABDA872BDBD03000B56296 /* LaunchScreen.storyboard */; };
		88ABDA922BDBD0D300B56296 /* APIREquestURLSession.swift in Sources */ = {isa = PBXBuildFile; fileRef = 88ABDA912BDBD0D300B56296 /* APIREquestURLSession.swift */; };
		88ABDA942BDBD13B00B56296 /* ErrorMessage.swift in Sources */ = {isa = PBXBuildFile; fileRef = 88ABDA932BDBD13B00B56296 /* ErrorMessage.swift */; };
		88ABDA962BDBD16400B56296 /* JsonModel.swift in Sources */ = {isa = PBXBuildFile; fileRef = 88ABDA952BDBD16400B56296 /* JsonModel.swift */; };
		88ABDA982BDBD8CE00B56296 /* DescriptionTableViewCell.swift in Sources */ = {isa = PBXBuildFile; fileRef = 88ABDA972BDBD8CE00B56296 /* DescriptionTableViewCell.swift */; };
/* End PBXBuildFile section */

/* Begin PBXFileReference section */
		88ABDA792BDBD02B00B56296 /* PaginationTest.app */ = {isa = PBXFileReference; explicitFileType = wrapper.application; includeInIndex = 0; path = PaginationTest.app; sourceTree = BUILT_PRODUCTS_DIR; };
		88ABDA7C2BDBD02B00B56296 /* AppDelegate.swift */ = {isa = PBXFileReference; lastKnownFileType = sourcecode.swift; path = AppDelegate.swift; sourceTree = "<group>"; };
		88ABDA7E2BDBD02B00B56296 /* SceneDelegate.swift */ = {isa = PBXFileReference; lastKnownFileType = sourcecode.swift; path = SceneDelegate.swift; sourceTree = "<group>"; };
		88ABDA802BDBD02B00B56296 /* ViewController.swift */ = {isa = PBXFileReference; lastKnownFileType = sourcecode.swift; path = ViewController.swift; sourceTree = "<group>"; };
		88ABDA832BDBD02B00B56296 /* Base */ = {isa = PBXFileReference; lastKnownFileType = file.storyboard; name = Base; path = Base.lproj/Main.storyboard; sourceTree = "<group>"; };
		88ABDA852BDBD03000B56296 /* Assets.xcassets */ = {isa = PBXFileReference; lastKnownFileType = folder.assetcatalog; path = Assets.xcassets; sourceTree = "<group>"; };
		88ABDA882BDBD03000B56296 /* Base */ = {isa = PBXFileReference; lastKnownFileType = file.storyboard; name = Base; path = Base.lproj/LaunchScreen.storyboard; sourceTree = "<group>"; };
		88ABDA8A2BDBD03000B56296 /* Info.plist */ = {isa = PBXFileReference; lastKnownFileType = text.plist.xml; path = Info.plist; sourceTree = "<group>"; };
		88ABDA912BDBD0D300B56296 /* APIREquestURLSession.swift */ = {isa = PBXFileReference; lastKnownFileType = sourcecode.swift; path = APIREquestURLSession.swift; sourceTree = "<group>"; };
		88ABDA932BDBD13B00B56296 /* ErrorMessage.swift */ = {isa = PBXFileReference; lastKnownFileType = sourcecode.swift; path = ErrorMessage.swift; sourceTree = "<group>"; };
		88ABDA952BDBD16400B56296 /* JsonModel.swift */ = {isa = PBXFileReference; lastKnownFileType = sourcecode.swift; path = JsonModel.swift; sourceTree = "<group>"; };
		88ABDA972BDBD8CE00B56296 /* DescriptionTableViewCell.swift */ = {isa = PBXFileReference; lastKnownFileType = sourcecode.swift; path = DescriptionTableViewCell.swift; sourceTree = "<group>"; };
/* End PBXFileReference section */

/* Begin PBXFrameworksBuildPhase section */
		88ABDA762BDBD02B00B56296 /* Frameworks */ = {
			isa = PBXFrameworksBuildPhase;
			buildActionMask = 2147483647;
			files = (
			);
			runOnlyForDeploymentPostprocessing = 0;
		};
/* End PBXFrameworksBuildPhase section */

/* Begin PBXGroup section */
		88ABDA702BDBD02B00B56296 = {
			isa = PBXGroup;
			children = (
				88ABDA7B2BDBD02B00B56296 /* PaginationTest */,
				88ABDA7A2BDBD02B00B56296 /* Products */,
			);
			sourceTree = "<group>";
		};
		88ABDA7A2BDBD02B00B56296 /* Products */ = {
			isa = PBXGroup;
			children = (
				88ABDA792BDBD02B00B56296 /* PaginationTest.app */,
			);
			name = Products;
			sourceTree = "<group>";
		};
		88ABDA7B2BDBD02B00B56296 /* PaginationTest */ = {
			isa = PBXGroup;
			children = (
				88ABDA7C2BDBD02B00B56296 /* AppDelegate.swift */,
				88ABDA7E2BDBD02B00B56296 /* SceneDelegate.swift */,
				88ABDA802BDBD02B00B56296 /* ViewController.swift */,
				88ABDA972BDBD8CE00B56296 /* DescriptionTableViewCell.swift */,
				88ABDA912BDBD0D300B56296 /* APIREquestURLSession.swift */,
				88ABDA932BDBD13B00B56296 /* ErrorMessage.swift */,
				88ABDA952BDBD16400B56296 /* JsonModel.swift */,
				88ABDA822BDBD02B00B56296 /* Main.storyboard */,
				88ABDA852BDBD03000B56296 /* Assets.xcassets */,
				88ABDA872BDBD03000B56296 /* LaunchScreen.storyboard */,
				88ABDA8A2BDBD03000B56296 /* Info.plist */,
			);
			path = PaginationTest;
			sourceTree = "<group>";
		};
/* End PBXGroup section */

/* Begin PBXNativeTarget section */
		88ABDA782BDBD02B00B56296 /* PaginationTest */ = {
			isa = PBXNativeTarget;
			buildConfigurationList = 88ABDA8D2BDBD03000B56296 /* Build configuration list for PBXNativeTarget "PaginationTest" */;
			buildPhases = (
				88ABDA752BDBD02B00B56296 /* Sources */,
				88ABDA762BDBD02B00B56296 /* Frameworks */,
				88ABDA772BDBD02B00B56296 /* Resources */,
			);
			buildRules = (
			);
			dependencies = (
			);
			name = PaginationTest;
			productName = PaginationTest;
			productReference = 88ABDA792BDBD02B00B56296 /* PaginationTest.app */;
			productType = "com.apple.product-type.application";
		};
/* End PBXNativeTarget section */

/* Begin PBXProject section */
		88ABDA712BDBD02B00B56296 /* Project object */ = {
			isa = PBXProject;
			attributes = {
				BuildIndependentTargetsInParallel = 1;
				LastSwiftUpdateCheck = 1340;
				LastUpgradeCheck = 1340;
				TargetAttributes = {
					88ABDA782BDBD02B00B56296 = {
						CreatedOnToolsVersion = 13.4.1;
					};
				};
			};
			buildConfigurationList = 88ABDA742BDBD02B00B56296 /* Build configuration list for PBXProject "PaginationTest" */;
			compatibilityVersion = "Xcode 13.0";
			developmentRegion = en;
			hasScannedForEncodings = 0;
			knownRegions = (
				en,
				Base,
			);
			mainGroup = 88ABDA702BDBD02B00B56296;
			productRefGroup = 88ABDA7A2BDBD02B00B56296 /* Products */;
			projectDirPath = "";
			projectRoot = "";
			targets = (
				88ABDA782BDBD02B00B56296 /* PaginationTest */,
			);
		};
/* End PBXProject section */

/* Begin PBXResourcesBuildPhase section */
		88ABDA772BDBD02B00B56296 /* Resources */ = {
			isa = PBXResourcesBuildPhase;
			buildActionMask = 2147483647;
			files = (
				88ABDA892BDBD03000B56296 /* LaunchScreen.storyboard in Resources */,
				88ABDA862BDBD03000B56296 /* Assets.xcassets in Resources */,
				88ABDA842BDBD02C00B56296 /* Main.storyboard in Resources */,
			);
			runOnlyForDeploymentPostprocessing = 0;
		};
/* End PBXResourcesBuildPhase section */

/* Begin PBXSourcesBuildPhase section */
		88ABDA752BDBD02B00B56296 /* Sources */ = {
			isa = PBXSourcesBuildPhase;
			buildActionMask = 2147483647;
			files = (
				88ABDA812BDBD02B00B56296 /* ViewController.swift in Sources */,
				88ABDA7D2BDBD02B00B56296 /* AppDelegate.swift in Sources */,
				88ABDA942BDBD13B00B56296 /* ErrorMessage.swift in Sources */,
				88ABDA962BDBD16400B56296 /* JsonModel.swift in Sources */,
				88ABDA7F2BDBD02B00B56296 /* SceneDelegate.swift in Sources */,
				88ABDA982BDBD8CE00B56296 /* DescriptionTableViewCell.swift in Sources */,
				88ABDA922BDBD0D300B56296 /* APIREquestURLSession.swift in Sources */,
			);
			runOnlyForDeploymentPostprocessing = 0;
		};
/* End PBXSourcesBuildPhase section */

/* Begin PBXVariantGroup section */
		88ABDA822BDBD02B00B56296 /* Main.storyboard */ = {
			isa = PBXVariantGroup;
			children = (
				88ABDA832BDBD02B00B56296 /* Base */,
			);
			name = Main.storyboard;
			sourceTree = "<group>";
		};
		88ABDA872BDBD03000B56296 /* LaunchScreen.storyboard */ = {
			isa = PBXVariantGroup;
			children = (
				88ABDA882BDBD03000B56296 /* Base */,
			);
			name = LaunchScreen.storyboard;
			sourceTree = "<group>";
		};
/* End PBXVariantGroup section */

/* Begin XCBuildConfiguration section */
		88ABDA8B2BDBD03000B56296 /* Debug */ = {
			isa = XCBuildConfiguration;
			buildSettings = {
				ALWAYS_SEARCH_USER_PATHS = NO;
				CLANG_ANALYZER_NONNULL = YES;
				CLANG_ANALYZER_NUMBER_OBJECT_CONVERSION = YES_AGGRESSIVE;
				CLANG_CXX_LANGUAGE_STANDARD = "gnu++17";
				CLANG_ENABLE_MODULES = YES;
				CLANG_ENABLE_OBJC_ARC = YES;
				CLANG_ENABLE_OBJC_WEAK = YES;
				CLANG_WARN_BLOCK_CAPTURE_AUTORELEASING = YES;
				CLANG_WARN_BOOL_CONVERSION = YES;
				CLANG_WARN_COMMA = YES;
				CLANG_WARN_CONSTANT_CONVERSION = YES;
				CLANG_WARN_DEPRECATED_OBJC_IMPLEMENTATIONS = YES;
				CLANG_WARN_DIRECT_OBJC_ISA_USAGE = YES_ERROR;
				CLANG_WARN_DOCUMENTATION_COMMENTS = YES;
				CLANG_WARN_EMPTY_BODY = YES;
				CLANG_WARN_ENUM_CONVERSION = YES;
				CLANG_WARN_INFINITE_RECURSION = YES;
				CLANG_WARN_INT_CONVERSION = YES;
				CLANG_WARN_NON_LITERAL_NULL_CONVERSION = YES;
				CLANG_WARN_OBJC_IMPLICIT_RETAIN_SELF = YES;
				CLANG_WARN_OBJC_LITERAL_CONVERSION = YES;
				CLANG_WARN_OBJC_ROOT_CLASS = YES_ERROR;
				CLANG_WARN_QUOTED_INCLUDE_IN_FRAMEWORK_HEADER = YES;
				CLANG_WARN_RANGE_LOOP_ANALYSIS = YES;
				CLANG_WARN_STRICT_PROTOTYPES = YES;
				CLANG_WARN_SUSPICIOUS_MOVE = YES;
				CLANG_WARN_UNGUARDED_AVAILABILITY = YES_AGGRESSIVE;
				CLANG_WARN_UNREACHABLE_CODE = YES;
				CLANG_WARN__DUPLICATE_METHOD_MATCH = YES;
				COPY_PHASE_STRIP = NO;
				DEBUG_INFORMATION_FORMAT = dwarf;
				ENABLE_STRICT_OBJC_MSGSEND = YES;
				ENABLE_TESTABILITY = YES;
				GCC_C_LANGUAGE_STANDARD = gnu11;
				GCC_DYNAMIC_NO_PIC = NO;
				GCC_NO_COMMON_BLOCKS = YES;
				GCC_OPTIMIZATION_LEVEL = 0;
				GCC_PREPROCESSOR_DEFINITIONS = (
					"DEBUG=1",
					"$(inherited)",
				);
				GCC_WARN_64_TO_32_BIT_CONVERSION = YES;
				GCC_WARN_ABOUT_RETURN_TYPE = YES_ERROR;
				GCC_WARN_UNDECLARED_SELECTOR = YES;
				GCC_WARN_UNINITIALIZED_AUTOS = YES_AGGRESSIVE;
				GCC_WARN_UNUSED_FUNCTION = YES;
				GCC_WARN_UNUSED_VARIABLE = YES;
				IPHONEOS_DEPLOYMENT_TARGET = 15.5;
				MTL_ENABLE_DEBUG_INFO = INCLUDE_SOURCE;
				MTL_FAST_MATH = YES;
				ONLY_ACTIVE_ARCH = YES;
				SDKROOT = iphoneos;
				SWIFT_ACTIVE_COMPILATION_CONDITIONS = DEBUG;
				SWIFT_OPTIMIZATION_LEVEL = "-Onone";
			};
			name = Debug;
		};
		88ABDA8C2BDBD03000B56296 /* Release */ = {
			isa = XCBuildConfiguration;
			buildSettings = {
				ALWAYS_SEARCH_USER_PATHS = NO;
				CLANG_ANALYZER_NONNULL = YES;
				CLANG_ANALYZER_NUMBER_OBJECT_CONVERSION = YES_AGGRESSIVE;
				CLANG_CXX_LANGUAGE_STANDARD = "gnu++17";
				CLANG_ENABLE_MODULES = YES;
				CLANG_ENABLE_OBJC_ARC = YES;
				CLANG_ENABLE_OBJC_WEAK = YES;
				CLANG_WARN_BLOCK_CAPTURE_AUTORELEASING = YES;
				CLANG_WARN_BOOL_CONVERSION = YES;
				CLANG_WARN_COMMA = YES;
				CLANG_WARN_CONSTANT_CONVERSION = YES;
				CLANG_WARN_DEPRECATED_OBJC_IMPLEMENTATIONS = YES;
				CLANG_WARN_DIRECT_OBJC_ISA_USAGE = YES_ERROR;
				CLANG_WARN_DOCUMENTATION_COMMENTS = YES;
				CLANG_WARN_EMPTY_BODY = YES;
				CLANG_WARN_ENUM_CONVERSION = YES;
				CLANG_WARN_INFINITE_RECURSION = YES;
				CLANG_WARN_INT_CONVERSION = YES;
				CLANG_WARN_NON_LITERAL_NULL_CONVERSION = YES;
				CLANG_WARN_OBJC_IMPLICIT_RETAIN_SELF = YES;
				CLANG_WARN_OBJC_LITERAL_CONVERSION = YES;
				CLANG_WARN_OBJC_ROOT_CLASS = YES_ERROR;
				CLANG_WARN_QUOTED_INCLUDE_IN_FRAMEWORK_HEADER = YES;
				CLANG_WARN_RANGE_LOOP_ANALYSIS = YES;
				CLANG_WARN_STRICT_PROTOTYPES = YES;
				CLANG_WARN_SUSPICIOUS_MOVE = YES;
				CLANG_WARN_UNGUARDED_AVAILABILITY = YES_AGGRESSIVE;
				CLANG_WARN_UNREACHABLE_CODE = YES;
				CLANG_WARN__DUPLICATE_METHOD_MATCH = YES;
				COPY_PHASE_STRIP = NO;
				DEBUG_INFORMATION_FORMAT = "dwarf-with-dsym";
				ENABLE_NS_ASSERTIONS = NO;
				ENABLE_STRICT_OBJC_MSGSEND = YES;
				GCC_C_LANGUAGE_STANDARD = gnu11;
				GCC_NO_COMMON_BLOCKS = YES;
				GCC_WARN_64_TO_32_BIT_CONVERSION = YES;
				GCC_WARN_ABOUT_RETURN_TYPE = YES_ERROR;
				GCC_WARN_UNDECLARED_SELECTOR = YES;
				GCC_WARN_UNINITIALIZED_AUTOS = YES_AGGRESSIVE;
				GCC_WARN_UNUSED_FUNCTION = YES;
				GCC_WARN_UNUSED_VARIABLE = YES;
				IPHONEOS_DEPLOYMENT_TARGET = 15.5;
				MTL_ENABLE_DEBUG_INFO = NO;
				MTL_FAST_MATH = YES;
				SDKROOT = iphoneos;
				SWIFT_COMPILATION_MODE = wholemodule;
				SWIFT_OPTIMIZATION_LEVEL = "-O";
				VALIDATE_PRODUCT = YES;
			};
			name = Release;
		};
		88ABDA8E2BDBD03000B56296 /* Debug */ = {
			isa = XCBuildConfiguration;
			buildSettings = {
				ASSETCATALOG_COMPILER_APPICON_NAME = AppIcon;
				ASSETCATALOG_COMPILER_GLOBAL_ACCENT_COLOR_NAME = AccentColor;
				CODE_SIGN_STYLE = Automatic;
				CURRENT_PROJECT_VERSION = 1;
				DEVELOPMENT_TEAM = JAC5BA3SM4;
				GENERATE_INFOPLIST_FILE = YES;
				INFOPLIST_FILE = PaginationTest/Info.plist;
				INFOPLIST_KEY_UIApplicationSupportsIndirectInputEvents = YES;
				INFOPLIST_KEY_UILaunchStoryboardName = LaunchScreen;
				INFOPLIST_KEY_UIMainStoryboardFile = Main;
				INFOPLIST_KEY_UISupportedInterfaceOrientations_iPad = "UIInterfaceOrientationPortrait UIInterfaceOrientationPortraitUpsideDown UIInterfaceOrientationLandscapeLeft UIInterfaceOrientationLandscapeRight";
				INFOPLIST_KEY_UISupportedInterfaceOrientations_iPhone = "UIInterfaceOrientationPortrait UIInterfaceOrientationLandscapeLeft UIInterfaceOrientationLandscapeRight";
				LD_RUNPATH_SEARCH_PATHS = (
					"$(inherited)",
					"@executable_path/Frameworks",
				);
				MARKETING_VERSION = 1.0;
				PRODUCT_BUNDLE_IDENTIFIER = com.devang.PaginationTest;
				PRODUCT_NAME = "$(TARGET_NAME)";
				SWIFT_EMIT_LOC_STRINGS = YES;
				SWIFT_VERSION = 5.0;
				TARGETED_DEVICE_FAMILY = "1,2";
			};
			name = Debug;
		};
		88ABDA8F2BDBD03000B56296 /* Release */ = {
			isa = XCBuildConfiguration;
			buildSettings = {
				ASSETCATALOG_COMPILER_APPICON_NAME = AppIcon;
				ASSETCATALOG_COMPILER_GLOBAL_ACCENT_COLOR_NAME = AccentColor;
				CODE_SIGN_STYLE = Automatic;
				CURRENT_PROJECT_VERSION = 1;
				DEVELOPMENT_TEAM = JAC5BA3SM4;
				GENERATE_INFOPLIST_FILE = YES;
				INFOPLIST_FILE = PaginationTest/Info.plist;
				INFOPLIST_KEY_UIApplicationSupportsIndirectInputEvents = YES;
				INFOPLIST_KEY_UILaunchStoryboardName = LaunchScreen;
				INFOPLIST_KEY_UIMainStoryboardFile = Main;
				INFOPLIST_KEY_UISupportedInterfaceOrientations_iPad = "UIInterfaceOrientationPortrait UIInterfaceOrientationPortraitUpsideDown UIInterfaceOrientationLandscapeLeft UIInterfaceOrientationLandscapeRight";
				INFOPLIST_KEY_UISupportedInterfaceOrientations_iPhone = "UIInterfaceOrientationPortrait UIInterfaceOrientationLandscapeLeft UIInterfaceOrientationLandscapeRight";
				LD_RUNPATH_SEARCH_PATHS = (
					"$(inherited)",
					"@executable_path/Frameworks",
				);
				MARKETING_VERSION = 1.0;
				PRODUCT_BUNDLE_IDENTIFIER = com.devang.PaginationTest;
				PRODUCT_NAME = "$(TARGET_NAME)";
				SWIFT_EMIT_LOC_STRINGS = YES;
				SWIFT_VERSION = 5.0;
				TARGETED_DEVICE_FAMILY = "1,2";
			};
			name = Release;
		};
/* End XCBuildConfiguration section */

/* Begin XCConfigurationList section */
		88ABDA742BDBD02B00B56296 /* Build configuration list for PBXProject "PaginationTest" */ = {
			isa = XCConfigurationList;
			buildConfigurations = (
				88ABDA8B2BDBD03000B56296 /* Debug */,
				88ABDA8C2BDBD03000B56296 /* Release */,
			);
			defaultConfigurationIsVisible = 0;
			defaultConfigurationName = Release;
		};
		88ABDA8D2BDBD03000B56296 /* Build configuration list for PBXNativeTarget "PaginationTest" */ = {
			isa = XCConfigurationList;
			buildConfigurations = (
				88ABDA8E2BDBD03000B56296 /* Debug */,
				88ABDA8F2BDBD03000B56296 /* Release */,
			);
			defaultConfigurationIsVisible = 0;
			defaultConfigurationName = Release;
		};
/* End XCConfigurationList section */
	};
	rootObject = 88ABDA712BDBD02B00B56296 /* Project object */;
}
